<?xml version="1.0" encoding="utf-8"?>
<Project ToolsVersion="4.0" xmlns="http://schemas.microsoft.com/developer/msbuild/2003">
  <ItemGroup>
    <Filter Include="Source Files">
      <UniqueIdentifier>{4FC737F1-C7A5-4376-A066-2A32D752A2FF}</UniqueIdentifier>
      <Extensions>cpp;c;cc;cxx;c++;cppm;ixx;def;odl;idl;hpj;bat;asm;asmx</Extensions>
    </Filter>
    <Filter Include="Header Files">
      <UniqueIdentifier>{93995380-89BD-4b04-88EB-625FBE52EBFB}</UniqueIdentifier>
      <Extensions>h;hh;hpp;hxx;h++;hm;inl;inc;ipp;xsd</Extensions>
    </Filter>
    <Filter Include="Resource Files">
      <UniqueIdentifier>{67DA6AB6-F800-4c08-8B7A-83BB121AAD01}</UniqueIdentifier>
      <Extensions>rc;ico;cur;bmp;dlg;rc2;rct;bin;rgs;gif;jpg;jpeg;jpe;resx;tiff;tif;png;wav;mfcribbon-ms</Extensions>
    </Filter>
  </ItemGroup>
  <ItemGroup>
    <ClCompile Include="Main.cpp">
      <Filter>Source Files</Filter>
    </ClCompile>
    <ClCompile Include="BarleyPhoto.cpp">
      <Filter>Source Files</Filter>
    </ClCompile>
    <ClCompile Include="WindowLayoutManager.cpp">
      <Filter>Source Files</Filter>
    </ClCompile>
    <ClCompile Include="WindowLayout.cpp">
      <Filter>Source Files</Filter>
    </ClCompile>
    <ClCompile Include="SingleWindowLayout.cpp">
      <Filter>Source Files</Filter>
    </ClCompile>
    <ClCompile Include="DoubleWindowLayout.cpp">
      <Filter>Source Files</Filter>
    </ClCompile>
    <ClCompile Include="ColorChanger.cpp">
      <Filter>Source Files</Filter>
    </ClCompile>
    <ClCompile Include="MarianneManager.cpp">
      <Filter>Source Files</Filter>
    </ClCompile>
    <ClCompile Include="PhotoCombiner.cpp">
      <Filter>Source Files</Filter>
    </ClCompile>
    <ClCompile Include="PhotoWindowManager.cpp">
      <Filter>Source Files</Filter>
    </ClCompile>
    <ClCompile Include="PhotoWindow.cpp">
      <Filter>Source Files</Filter>
    </ClCompile>
    <ClCompile Include="InputManager.cpp">
      <Filter>Source Files</Filter>
    </ClCompile>
    <ClCompile Include="WindowManager.cpp">
      <Filter>Source Files</Filter>
    </ClCompile>
    <ClCompile Include="Panel.cpp">
      <Filter>Source Files</Filter>
    </ClCompile>
    <ClCompile Include="Button.cpp">
      <Filter>Source Files</Filter>
    </ClCompile>
    <ClCompile Include="InputPanel.cpp">
      <Filter>Source Files</Filter>
    </ClCompile>
    <ClCompile Include="ExitButton.cpp">
      <Filter>Source Files</Filter>
    </ClCompile>
    <ClCompile Include="MarianneMath.cpp">
      <Filter>Source Files</Filter>
    </ClCompile>
    <ClCompile Include="ButtonFunction.cpp">
      <Filter>Source Files</Filter>
    </ClCompile>
    <ClCompile Include="StartingInputPanel.cpp">
      <Filter>Source Files</Filter>
    </ClCompile>
    <ClCompile Include="PhotoPanel.cpp">
      <Filter>Source Files</Filter>
    </ClCompile>
    <ClCompile Include="MovingPhotosManager.cpp">
      <Filter>Source Files</Filter>
    </ClCompile>
  </ItemGroup>
  <ItemGroup>
    <ClInclude Include="BarleyPhoto.h">
      <Filter>Header Files</Filter>
    </ClInclude>
    <ClInclude Include="WindowLayoutManager.h">
      <Filter>Header Files</Filter>
    </ClInclude>
    <ClInclude Include="WindowLayout.h">
      <Filter>Header Files</Filter>
    </ClInclude>
    <ClInclude Include="SingleWindowLayout.h">
      <Filter>Header Files</Filter>
    </ClInclude>
    <ClInclude Include="DoubleWindowLayout.h">
      <Filter>Header Files</Filter>
    </ClInclude>
    <ClInclude Include="ColorChanger.h">
      <Filter>Header Files</Filter>
    </ClInclude>
    <ClInclude Include="MarianneManager.h">
      <Filter>Header Files</Filter>
    </ClInclude>
    <ClInclude Include="PhotoCombiner.h">
      <Filter>Header Files</Filter>
    </ClInclude>
    <ClInclude Include="PhotoWindowManager.h">
      <Filter>Header Files</Filter>
    </ClInclude>
    <ClInclude Include="PhotoWindow.h">
      <Filter>Header Files</Filter>
    </ClInclude>
    <ClInclude Include="InputManager.h">
      <Filter>Header Files</Filter>
    </ClInclude>
    <ClInclude Include="WindowManager.h">
      <Filter>Header Files</Filter>
    </ClInclude>
    <ClInclude Include="Panel.h">
      <Filter>Header Files</Filter>
    </ClInclude>
    <ClInclude Include="Button.h">
      <Filter>Header Files</Filter>
    </ClInclude>
    <ClInclude Include="InputPanel.h">
      <Filter>Header Files</Filter>
    </ClInclude>
    <ClInclude Include="ExitButton.h">
      <Filter>Header Files</Filter>
    </ClInclude>
    <ClInclude Include="MarianneMath.h">
      <Filter>Header Files</Filter>
    </ClInclude>
    <ClInclude Include="ButtonFunction.h">
      <Filter>Header Files</Filter>
    </ClInclude>
    <ClInclude Include="StartingInputPanel.h">
      <Filter>Header Files</Filter>
    </ClInclude>
    <ClInclude Include="PhotoPanel.h">
      <Filter>Header Files</Filter>
    </ClInclude>
    <ClInclude Include="MovingPhotosManager.h">
      <Filter>Header Files</Filter>
    </ClInclude>
  </ItemGroup>
</Project>